// !$*UTF8*$!
{
	archiveVersion = 1;
	classes = {
	};
	objectVersion = 50;
	objects = {

/* Begin PBXBuildFile section */
		35B8003924AED0720058078B /* AppDelegate.swift in Sources */ = {isa = PBXBuildFile; fileRef = 35B8003824AED0720058078B /* AppDelegate.swift */; };
		35B8003B24AED0720058078B /* SceneDelegate.swift in Sources */ = {isa = PBXBuildFile; fileRef = 35B8003A24AED0720058078B /* SceneDelegate.swift */; };
		35B8003D24AED0720058078B /* ViewController.swift in Sources */ = {isa = PBXBuildFile; fileRef = 35B8003C24AED0720058078B /* ViewController.swift */; };
		35B8004024AED0720058078B /* Main.storyboard in Resources */ = {isa = PBXBuildFile; fileRef = 35B8003E24AED0720058078B /* Main.storyboard */; };
		35B8004224AED0740058078B /* Assets.xcassets in Resources */ = {isa = PBXBuildFile; fileRef = 35B8004124AED0740058078B /* Assets.xcassets */; };
		35B8004524AED0740058078B /* LaunchScreen.storyboard in Resources */ = {isa = PBXBuildFile; fileRef = 35B8004324AED0740058078B /* LaunchScreen.storyboard */; };
		35B8004D24AEDC160058078B /* FlowerClassifier.mlmodel in Sources */ = {isa = PBXBuildFile; fileRef = 35B8004C24AEDC160058078B /* FlowerClassifier.mlmodel */; };
		9E52A85F60B05ACA6D3477B9 /* Pods_WhatFlower_.framework in Frameworks */ = {isa = PBXBuildFile; fileRef = 00D5618DBABE8D2134DBAA8B /* Pods_WhatFlower_.framework */; };
/* End PBXBuildFile section */

/* Begin PBXFileReference section */
		00D5618DBABE8D2134DBAA8B /* Pods_WhatFlower_.framework */ = {isa = PBXFileReference; explicitFileType = wrapper.framework; includeInIndex = 0; path = Pods_WhatFlower_.framework; sourceTree = BUILT_PRODUCTS_DIR; };
		35B8003524AED0720058078B /* WhatFlower?.app */ = {isa = PBXFileReference; explicitFileType = wrapper.application; includeInIndex = 0; path = "WhatFlower?.app"; sourceTree = BUILT_PRODUCTS_DIR; };
		35B8003824AED0720058078B /* AppDelegate.swift */ = {isa = PBXFileReference; lastKnownFileType = sourcecode.swift; path = AppDelegate.swift; sourceTree = "<group>"; };
		35B8003A24AED0720058078B /* SceneDelegate.swift */ = {isa = PBXFileReference; lastKnownFileType = sourcecode.swift; path = SceneDelegate.swift; sourceTree = "<group>"; };
		35B8003C24AED0720058078B /* ViewController.swift */ = {isa = PBXFileReference; lastKnownFileType = sourcecode.swift; path = ViewController.swift; sourceTree = "<group>"; };
		35B8003F24AED0720058078B /* Base */ = {isa = PBXFileReference; lastKnownFileType = file.storyboard; name = Base; path = Base.lproj/Main.storyboard; sourceTree = "<group>"; };
		35B8004124AED0740058078B /* Assets.xcassets */ = {isa = PBXFileReference; lastKnownFileType = folder.assetcatalog; path = Assets.xcassets; sourceTree = "<group>"; };
		35B8004424AED0740058078B /* Base */ = {isa = PBXFileReference; lastKnownFileType = file.storyboard; name = Base; path = Base.lproj/LaunchScreen.storyboard; sourceTree = "<group>"; };
		35B8004624AED0740058078B /* Info.plist */ = {isa = PBXFileReference; lastKnownFileType = text.plist.xml; path = Info.plist; sourceTree = "<group>"; };
		35B8004C24AEDC160058078B /* FlowerClassifier.mlmodel */ = {isa = PBXFileReference; lastKnownFileType = file.mlmodel; path = FlowerClassifier.mlmodel; sourceTree = "<group>"; };
		C1CA02BDEE7B112F840908C8 /* Pods-WhatFlower?.debug.xcconfig */ = {isa = PBXFileReference; includeInIndex = 1; lastKnownFileType = text.xcconfig; name = "Pods-WhatFlower?.debug.xcconfig"; path = "Target Support Files/Pods-WhatFlower?/Pods-WhatFlower?.debug.xcconfig"; sourceTree = "<group>"; };
		CD81F87EFDBFC895C06E7AF1 /* Pods-WhatFlower?.release.xcconfig */ = {isa = PBXFileReference; includeInIndex = 1; lastKnownFileType = text.xcconfig; name = "Pods-WhatFlower?.release.xcconfig"; path = "Target Support Files/Pods-WhatFlower?/Pods-WhatFlower?.release.xcconfig"; sourceTree = "<group>"; };
/* End PBXFileReference section */

/* Begin PBXFrameworksBuildPhase section */
		35B8003224AED0720058078B /* Frameworks */ = {
			isa = PBXFrameworksBuildPhase;
			buildActionMask = 2147483647;
			files = (
				9E52A85F60B05ACA6D3477B9 /* Pods_WhatFlower_.framework in Frameworks */,
			);
			runOnlyForDeploymentPostprocessing = 0;
		};
/* End PBXFrameworksBuildPhase section */

/* Begin PBXGroup section */
		35B8002C24AED0720058078B = {
			isa = PBXGroup;
			children = (
				35B8003724AED0720058078B /* WhatFlower? */,
				35B8003624AED0720058078B /* Products */,
				3648E75A2180D6B156B42ACE /* Pods */,
				ABE04B1499C536C13EE2CDE7 /* Frameworks */,
			);
			sourceTree = "<group>";
		};
		35B8003624AED0720058078B /* Products */ = {
			isa = PBXGroup;
			children = (
				35B8003524AED0720058078B /* WhatFlower?.app */,
			);
			name = Products;
			sourceTree = "<group>";
		};
		35B8003724AED0720058078B /* WhatFlower? */ = {
			isa = PBXGroup;
			children = (
				35B8003824AED0720058078B /* AppDelegate.swift */,
				35B8003A24AED0720058078B /* SceneDelegate.swift */,
				35B8003C24AED0720058078B /* ViewController.swift */,
				35B8003E24AED0720058078B /* Main.storyboard */,
				35B8004C24AEDC160058078B /* FlowerClassifier.mlmodel */,
				35B8004124AED0740058078B /* Assets.xcassets */,
				35B8004324AED0740058078B /* LaunchScreen.storyboard */,
				35B8004624AED0740058078B /* Info.plist */,
			);
			path = "WhatFlower?";
			sourceTree = "<group>";
		};
		3648E75A2180D6B156B42ACE /* Pods */ = {
			isa = PBXGroup;
			children = (
				C1CA02BDEE7B112F840908C8 /* Pods-WhatFlower?.debug.xcconfig */,
				CD81F87EFDBFC895C06E7AF1 /* Pods-WhatFlower?.release.xcconfig */,
			);
			name = Pods;
			path = Pods;
			sourceTree = "<group>";
		};
		ABE04B1499C536C13EE2CDE7 /* Frameworks */ = {
			isa = PBXGroup;
			children = (
				00D5618DBABE8D2134DBAA8B /* Pods_WhatFlower_.framework */,
			);
			name = Frameworks;
			sourceTree = "<group>";
		};
/* End PBXGroup section */

/* Begin PBXNativeTarget section */
		35B8003424AED0720058078B /* WhatFlower? */ = {
			isa = PBXNativeTarget;
			buildConfigurationList = 35B8004924AED0740058078B /* Build configuration list for PBXNativeTarget "WhatFlower?" */;
			buildPhases = (
				6F9C74FBC5790384F10AEA5D /* [CP] Check Pods Manifest.lock */,
				35B8003124AED0720058078B /* Sources */,
				35B8003224AED0720058078B /* Frameworks */,
				35B8003324AED0720058078B /* Resources */,
				3BBB78BF9CF773FB894421C5 /* [CP] Embed Pods Frameworks */,
			);
			buildRules = (
			);
			dependencies = (
			);
			name = "WhatFlower?";
			productName = "WhatFlower?";
			productReference = 35B8003524AED0720058078B /* WhatFlower?.app */;
			productType = "com.apple.product-type.application";
		};
/* End PBXNativeTarget section */

/* Begin PBXProject section */
		35B8002D24AED0720058078B /* Project object */ = {
			isa = PBXProject;
			attributes = {
				LastSwiftUpdateCheck = 1150;
				LastUpgradeCheck = 1150;
				ORGANIZATIONNAME = Shrey;
				TargetAttributes = {
					35B8003424AED0720058078B = {
						CreatedOnToolsVersion = 11.5;
					};
				};
			};
			buildConfigurationList = 35B8003024AED0720058078B /* Build configuration list for PBXProject "WhatFlower?" */;
			compatibilityVersion = "Xcode 9.3";
			developmentRegion = en;
			hasScannedForEncodings = 0;
			knownRegions = (
				en,
				Base,
			);
			mainGroup = 35B8002C24AED0720058078B;
			productRefGroup = 35B8003624AED0720058078B /* Products */;
			projectDirPath = "";
			projectRoot = "";
			targets = (
				35B8003424AED0720058078B /* WhatFlower? */,
			);
		};
/* End PBXProject section */

/* Begin PBXResourcesBuildPhase section */
		35B8003324AED0720058078B /* Resources */ = {
			isa = PBXResourcesBuildPhase;
			buildActionMask = 2147483647;
			files = (
				35B8004524AED0740058078B /* LaunchScreen.storyboard in Resources */,
				35B8004224AED0740058078B /* Assets.xcassets in Resources */,
				35B8004024AED0720058078B /* Main.storyboard in Resources */,
			);
			runOnlyForDeploymentPostprocessing = 0;
		};
/* End PBXResourcesBuildPhase section */

/* Begin PBXShellScriptBuildPhase section */
		3BBB78BF9CF773FB894421C5 /* [CP] Embed Pods Frameworks */ = {
			isa = PBXShellScriptBuildPhase;
			buildActionMask = 2147483647;
			files = (
			);
			inputFileListPaths = (
				"${PODS_ROOT}/Target Support Files/Pods-WhatFlower?/Pods-WhatFlower?-frameworks-${CONFIGURATION}-input-files.xcfilelist",
			);
			name = "[CP] Embed Pods Frameworks";
			outputFileListPaths = (
				"${PODS_ROOT}/Target Support Files/Pods-WhatFlower?/Pods-WhatFlower?-frameworks-${CONFIGURATION}-output-files.xcfilelist",
			);
			runOnlyForDeploymentPostprocessing = 0;
			shellPath = /bin/sh;
			shellScript = "\"${PODS_ROOT}/Target Support Files/Pods-WhatFlower?/Pods-WhatFlower?-frameworks.sh\"\n";
			showEnvVarsInLog = 0;
		};
		6F9C74FBC5790384F10AEA5D /* [CP] Check Pods Manifest.lock */ = {
			isa = PBXShellScriptBuildPhase;
			buildActionMask = 2147483647;
			files = (
			);
			inputFileListPaths = (
			);
			inputPaths = (
				"${PODS_PODFILE_DIR_PATH}/Podfile.lock",
				"${PODS_ROOT}/Manifest.lock",
			);
			name = "[CP] Check Pods Manifest.lock";
			outputFileListPaths = (
			);
			outputPaths = (
				"$(DERIVED_FILE_DIR)/Pods-WhatFlower?-checkManifestLockResult.txt",
			);
			runOnlyForDeploymentPostprocessing = 0;
			shellPath = /bin/sh;
			shellScript = "diff \"${PODS_PODFILE_DIR_PATH}/Podfile.lock\" \"${PODS_ROOT}/Manifest.lock\" > /dev/null\nif [ $? != 0 ] ; then\n    # print error to STDERR\n    echo \"error: The sandbox is not in sync with the Podfile.lock. Run 'pod install' or update your CocoaPods installation.\" >&2\n    exit 1\nfi\n# This output is used by Xcode 'outputs' to avoid re-running this script phase.\necho \"SUCCESS\" > \"${SCRIPT_OUTPUT_FILE_0}\"\n";
			showEnvVarsInLog = 0;
		};
/* End PBXShellScriptBuildPhase section */

/* Begin PBXSourcesBuildPhase section */
		35B8003124AED0720058078B /* Sources */ = {
			isa = PBXSourcesBuildPhase;
			buildActionMask = 2147483647;
			files = (
				35B8004D24AEDC160058078B /* FlowerClassifier.mlmodel in Sources */,
				35B8003D24AED0720058078B /* ViewController.swift in Sources */,
				35B8003924AED0720058078B /* AppDelegate.swift in Sources */,
				35B8003B24AED0720058078B /* SceneDelegate.swift in Sources */,
			);
			runOnlyForDeploymentPostprocessing = 0;
		};
/* End PBXSourcesBuildPhase section */

/* Begin PBXVariantGroup section */
		35B8003E24AED0720058078B /* Main.storyboard */ = {
			isa = PBXVariantGroup;
			children = (
				35B8003F24AED0720058078B /* Base */,
			);
			name = Main.storyboard;
			sourceTree = "<group>";
		};
		35B8004324AED0740058078B /* LaunchScreen.storyboard */ = {
			isa = PBXVariantGroup;
			children = (
				35B8004424AED0740058078B /* Base */,
			);
			name = LaunchScreen.storyboard;
			sourceTree = "<group>";
		};
/* End PBXVariantGroup section */

/* Begin XCBuildConfiguration section */
		35B8004724AED0740058078B /* Debug */ = {
			isa = XCBuildConfiguration;
			buildSettings = {
				ALWAYS_SEARCH_USER_PATHS = NO;
				CLANG_ANALYZER_NONNULL = YES;
				CLANG_ANALYZER_NUMBER_OBJECT_CONVERSION = YES_AGGRESSIVE;
				CLANG_CXX_LANGUAGE_STANDARD = "gnu++14";
				CLANG_CXX_LIBRARY = "libc++";
				CLANG_ENABLE_MODULES = YES;
				CLANG_ENABLE_OBJC_ARC = YES;
				CLANG_ENABLE_OBJC_WEAK = YES;
				CLANG_WARN_BLOCK_CAPTURE_AUTORELEASING = YES;
				CLANG_WARN_BOOL_CONVERSION = YES;
				CLANG_WARN_COMMA = YES;
				CLANG_WARN_CONSTANT_CONVERSION = YES;
				CLANG_WARN_DEPRECATED_OBJC_IMPLEMENTATIONS = YES;
				CLANG_WARN_DIRECT_OBJC_ISA_USAGE = YES_ERROR;
				CLANG_WARN_DOCUMENTATION_COMMENTS = YES;
				CLANG_WARN_EMPTY_BODY = YES;
				CLANG_WARN_ENUM_CONVERSION = YES;
				CLANG_WARN_INFINITE_RECURSION = YES;
				CLANG_WARN_INT_CONVERSION = YES;
				CLANG_WARN_NON_LITERAL_NULL_CONVERSION = YES;
				CLANG_WARN_OBJC_IMPLICIT_RETAIN_SELF = YES;
				CLANG_WARN_OBJC_LITERAL_CONVERSION = YES;
				CLANG_WARN_OBJC_ROOT_CLASS = YES_ERROR;
				CLANG_WARN_RANGE_LOOP_ANALYSIS = YES;
				CLANG_WARN_STRICT_PROTOTYPES = YES;
				CLANG_WARN_SUSPICIOUS_MOVE = YES;
				CLANG_WARN_UNGUARDED_AVAILABILITY = YES_AGGRESSIVE;
				CLANG_WARN_UNREACHABLE_CODE = YES;
				CLANG_WARN__DUPLICATE_METHOD_MATCH = YES;
				COPY_PHASE_STRIP = NO;
				DEBUG_INFORMATION_FORMAT = dwarf;
				ENABLE_STRICT_OBJC_MSGSEND = YES;
				ENABLE_TESTABILITY = YES;
				GCC_C_LANGUAGE_STANDARD = gnu11;
				GCC_DYNAMIC_NO_PIC = NO;
				GCC_NO_COMMON_BLOCKS = YES;
				GCC_OPTIMIZATION_LEVEL = 0;
				GCC_PREPROCESSOR_DEFINITIONS = (
					"DEBUG=1",
					"$(inherited)",
				);
				GCC_WARN_64_TO_32_BIT_CONVERSION = YES;
				GCC_WARN_ABOUT_RETURN_TYPE = YES_ERROR;
				GCC_WARN_UNDECLARED_SELECTOR = YES;
				GCC_WARN_UNINITIALIZED_AUTOS = YES_AGGRESSIVE;
				GCC_WARN_UNUSED_FUNCTION = YES;
				GCC_WARN_UNUSED_VARIABLE = YES;
				IPHONEOS_DEPLOYMENT_TARGET = 13.5;
				MTL_ENABLE_DEBUG_INFO = INCLUDE_SOURCE;
				MTL_FAST_MATH = YES;
				ONLY_ACTIVE_ARCH = YES;
				SDKROOT = iphoneos;
				SWIFT_ACTIVE_COMPILATION_CONDITIONS = DEBUG;
				SWIFT_OPTIMIZATION_LEVEL = "-Onone";
			};
			name = Debug;
		};
		35B8004824AED0740058078B /* Release */ = {
			isa = XCBuildConfiguration;
			buildSettings = {
				ALWAYS_SEARCH_USER_PATHS = NO;
				CLANG_ANALYZER_NONNULL = YES;
				CLANG_ANALYZER_NUMBER_OBJECT_CONVERSION = YES_AGGRESSIVE;
				CLANG_CXX_LANGUAGE_STANDARD = "gnu++14";
				CLANG_CXX_LIBRARY = "libc++";
				CLANG_ENABLE_MODULES = YES;
				CLANG_ENABLE_OBJC_ARC = YES;
				CLANG_ENABLE_OBJC_WEAK = YES;
				CLANG_WARN_BLOCK_CAPTURE_AUTORELEASING = YES;
				CLANG_WARN_BOOL_CONVERSION = YES;
				CLANG_WARN_COMMA = YES;
				CLANG_WARN_CONSTANT_CONVERSION = YES;
				CLANG_WARN_DEPRECATED_OBJC_IMPLEMENTATIONS = YES;
				CLANG_WARN_DIRECT_OBJC_ISA_USAGE = YES_ERROR;
				CLANG_WARN_DOCUMENTATION_COMMENTS = YES;
				CLANG_WARN_EMPTY_BODY = YES;
				CLANG_WARN_ENUM_CONVERSION = YES;
				CLANG_WARN_INFINITE_RECURSION = YES;
				CLANG_WARN_INT_CONVERSION = YES;
				CLANG_WARN_NON_LITERAL_NULL_CONVERSION = YES;
				CLANG_WARN_OBJC_IMPLICIT_RETAIN_SELF = YES;
				CLANG_WARN_OBJC_LITERAL_CONVERSION = YES;
				CLANG_WARN_OBJC_ROOT_CLASS = YES_ERROR;
				CLANG_WARN_RANGE_LOOP_ANALYSIS = YES;
				CLANG_WARN_STRICT_PROTOTYPES = YES;
				CLANG_WARN_SUSPICIOUS_MOVE = YES;
				CLANG_WARN_UNGUARDED_AVAILABILITY = YES_AGGRESSIVE;
				CLANG_WARN_UNREACHABLE_CODE = YES;
				CLANG_WARN__DUPLICATE_METHOD_MATCH = YES;
				COPY_PHASE_STRIP = NO;
				DEBUG_INFORMATION_FORMAT = "dwarf-with-dsym";
				ENABLE_NS_ASSERTIONS = NO;
				ENABLE_STRICT_OBJC_MSGSEND = YES;
				GCC_C_LANGUAGE_STANDARD = gnu11;
				GCC_NO_COMMON_BLOCKS = YES;
				GCC_WARN_64_TO_32_BIT_CONVERSION = YES;
				GCC_WARN_ABOUT_RETURN_TYPE = YES_ERROR;
				GCC_WARN_UNDECLARED_SELECTOR = YES;
				GCC_WARN_UNINITIALIZED_AUTOS = YES_AGGRESSIVE;
				GCC_WARN_UNUSED_FUNCTION = YES;
				GCC_WARN_UNUSED_VARIABLE = YES;
				IPHONEOS_DEPLOYMENT_TARGET = 13.5;
				MTL_ENABLE_DEBUG_INFO = NO;
				MTL_FAST_MATH = YES;
				SDKROOT = iphoneos;
				SWIFT_COMPILATION_MODE = wholemodule;
				SWIFT_OPTIMIZATION_LEVEL = "-O";
				VALIDATE_PRODUCT = YES;
			};
			name = Release;
		};
		35B8004A24AED0740058078B /* Debug */ = {
			isa = XCBuildConfiguration;
			baseConfigurationReference = C1CA02BDEE7B112F840908C8 /* Pods-WhatFlower?.debug.xcconfig */;
			buildSettings = {
				ASSETCATALOG_COMPILER_APPICON_NAME = AppIcon;
				CODE_SIGN_STYLE = Automatic;
				DEVELOPMENT_TEAM = U4N8ZF8AH7;
				INFOPLIST_FILE = "WhatFlower?/Info.plist";
				IPHONEOS_DEPLOYMENT_TARGET = 12.4;
				LD_RUNPATH_SEARCH_PATHS = (
					"$(inherited)",
					"@executable_path/Frameworks",
				);
				PRODUCT_BUNDLE_IDENTIFIER = "com.shrey.WhatFlower-";
				PRODUCT_NAME = "$(TARGET_NAME)";
				SWIFT_VERSION = 5.0;
				TARGETED_DEVICE_FAMILY = "1,2";
			};
			name = Debug;
		};
		35B8004B24AED0740058078B /* Release */ = {
			isa = XCBuildConfiguration;
			baseConfigurationReference = CD81F87EFDBFC895C06E7AF1 /* Pods-WhatFlower?.release.xcconfig */;
			buildSettings = {
				ASSETCATALOG_COMPILER_APPICON_NAME = AppIcon;
				CODE_SIGN_STYLE = Automatic;
				DEVELOPMENT_TEAM = U4N8ZF8AH7;
				INFOPLIST_FILE = "WhatFlower?/Info.plist";
				IPHONEOS_DEPLOYMENT_TARGET = 12.4;
				LD_RUNPATH_SEARCH_PATHS = (
					"$(inherited)",
					"@executable_path/Frameworks",
				);
				PRODUCT_BUNDLE_IDENTIFIER = "com.shrey.WhatFlower-";
				PRODUCT_NAME = "$(TARGET_NAME)";
				SWIFT_VERSION = 5.0;
				TARGETED_DEVICE_FAMILY = "1,2";
			};
			name = Release;
		};
/* End XCBuildConfiguration section */

/* Begin XCConfigurationList section */
		35B8003024AED0720058078B /* Build configuration list for PBXProject "WhatFlower?" */ = {
			isa = XCConfigurationList;
			buildConfigurations = (
				35B8004724AED0740058078B /* Debug */,
				35B8004824AED0740058078B /* Release */,
			);
			defaultConfigurationIsVisible = 0;
			defaultConfigurationName = Release;
		};
		35B8004924AED0740058078B /* Build configuration list for PBXNativeTarget "WhatFlower?" */ = {
			isa = XCConfigurationList;
			buildConfigurations = (
				35B8004A24AED0740058078B /* Debug */,
				35B8004B24AED0740058078B /* Release */,
			);
			defaultConfigurationIsVisible = 0;
			defaultConfigurationName = Release;
		};
/* End XCConfigurationList section */
	};
	rootObject = 35B8002D24AED0720058078B /* Project object */;
}
